
Microsoft Visual Studio Solution File, Format Version 12.00
# Visual Studio 15
VisualStudioVersion = 15.0.28307.271
MinimumVisualStudioVersion = 10.0.40219.1
Project("{9A19103F-16F7-4668-BE54-9A1E7A4F7556}") = "workercs", "workercs.csproj", "{BD5F4528-0FF2-4FD7-B8A2-25AB3160F713}"
EndProject
Global
	GlobalSection(SolutionConfigurationPlatforms) = preSolution
		Debug|Any CPU = Debug|Any CPU
		Release|Any CPU = Release|Any CPU
	EndGlobalSection
	GlobalSection(ProjectConfigurationPlatforms) = postSolution
		{BD5F4528-0FF2-4FD7-B8A2-25AB3160F713}.Debug|Any CPU.ActiveCfg = Debug|Any CPU
		{BD5F4528-0FF2-4FD7-B8A2-25AB3160F713}.Debug|Any CPU.Build.0 = Debug|Any CPU
		{BD5F4528-0FF2-4FD7-B8A2-25AB3160F713}.Release|Any CPU.ActiveCfg = Release|Any CPU
		{BD5F4528-0FF2-4FD7-B8A2-25AB3160F713}.Release|Any CPU.Build.0 = Release|Any CPU
	EndGlobalSection
	GlobalSection(SolutionProperties) = preSolution
		HideSolutionNode = FALSE
	EndGlobalSection
	GlobalSection(ExtensibilityGlobals) = postSolution
		SolutionGuid = {EBC489B3-AB8F-4EC6-9C03-749C10BCA49C}
	EndGlobalSection
EndGlobal
