<?xml version="1.0" encoding="UTF-8" standalone="yes" ?>
<CodeBlocks_project_file>
	<FileVersion major="1" minor="6" />
	<Project>
		<Option title="h2workerpy" />
		<Option pch_mode="2" />
		<Option compiler="gcc" />
		<Build>
			<Target title="Debug">
				<Option output="bin/Debug/h2workerpy" prefix_auto="1" extension_auto="1" />
				<Option object_output="obj/Debug/" />
				<Option type="1" />
				<Option compiler="gcc" />
				<Compiler>
					<Add option="-g" />
					<Add directory="fflib" />
					<Add directory="lib3party" />
					<Add directory="windependency/include" />
					<Add directory="C:/Python27/include" />
					<Add directory="src" />
				</Compiler>
				<Linker>
					<Add option="-lpython27" />
					<Add library="WS2_32" />
					<Add library="windependency/lib/libcrypto.a" />
					<Add library="windependency/lib/libssl.a" />
					<Add library="windependency/lib/libmysql.a" />
					<Add library="windependency/lib/libcurl.a" />
					<Add directory="windependency/lib" />
					<Add directory="C:/Python27/libs" />
				</Linker>
			</Target>
		</Build>
		<Compiler>
			<Add option="-Wall" />
			<Add option="-fexceptions" />
		</Compiler>
		<Unit filename="fflib/base/arg_helper.h" />
		<Unit filename="fflib/base/atomic_op.h" />
		<Unit filename="fflib/base/daemon_tool.h" />
		<Unit filename="fflib/base/event_bus.cpp" />
		<Unit filename="fflib/base/event_bus.h" />
		<Unit filename="fflib/base/ffslot.h" />
		<Unit filename="fflib/base/fftype.h" />
		<Unit filename="fflib/base/func.h" />
		<Unit filename="fflib/base/lock.cpp" />
		<Unit filename="fflib/base/lock.h" />
		<Unit filename="fflib/base/log.cpp" />
		<Unit filename="fflib/base/log.h" />
		<Unit filename="fflib/base/obj_pool.h" />
		<Unit filename="fflib/base/os_tool.h" />
		<Unit filename="fflib/base/perf_monitor.cpp" />
		<Unit filename="fflib/base/perf_monitor.h" />
		<Unit filename="fflib/base/signal_helper.h" />
		<Unit filename="fflib/base/singleton.h" />
		<Unit filename="fflib/base/smart_ptr.h" />
		<Unit filename="fflib/base/str_tool.h" />
		<Unit filename="fflib/base/task_queue.h" />
		<Unit filename="fflib/base/thread.cpp" />
		<Unit filename="fflib/base/thread.h" />
		<Unit filename="fflib/base/time_tool.h" />
		<Unit filename="fflib/base/timer_service.h" />
		<Unit filename="fflib/base/timer_service_win.h" />
		<Unit filename="fflib/db/db_ops.h" />
		<Unit filename="fflib/db/ffdb.cpp" />
		<Unit filename="fflib/db/ffdb.h" />
		<Unit filename="fflib/db/mysql_ops.cpp" />
		<Unit filename="fflib/db/mysql_ops.h" />
		<Unit filename="fflib/db/sqlite3.c">
			<Option compilerVar="CC" />
		</Unit>
		<Unit filename="fflib/db/sqlite3.h" />
		<Unit filename="fflib/db/sqlite3ext.h" />
		<Unit filename="fflib/db/sqlite_ops.cpp" />
		<Unit filename="fflib/db/sqlite_ops.h" />
		<Unit filename="fflib/net/acceptor.h" />
		<Unit filename="fflib/net/acceptorimpl/acceptor_linux.cpp" />
		<Unit filename="fflib/net/acceptorimpl/acceptor_linux.h" />
		<Unit filename="fflib/net/acceptorimpl/acceptor_linux_gate.cpp" />
		<Unit filename="fflib/net/acceptorimpl/acceptor_linux_gate.h" />
		<Unit filename="fflib/net/base_heartbeat.h" />
		<Unit filename="fflib/net/codec.cpp" />
		<Unit filename="fflib/net/codec.h" />
		<Unit filename="fflib/net/connector.h" />
		<Unit filename="fflib/net/ctrlimpl/socket_ctrl_common.cpp" />
		<Unit filename="fflib/net/ctrlimpl/socket_ctrl_common.h" />
		<Unit filename="fflib/net/ctrlimpl/socket_ctrl_gate.cpp" />
		<Unit filename="fflib/net/ctrlimpl/socket_ctrl_gate.h" />
		<Unit filename="fflib/net/event_loop.h" />
		<Unit filename="fflib/net/eventloopimpl/epoll.cpp" />
		<Unit filename="fflib/net/eventloopimpl/epoll.h" />
		<Unit filename="fflib/net/eventloopimpl/select.cpp" />
		<Unit filename="fflib/net/eventloopimpl/select.h" />
		<Unit filename="fflib/net/message.h" />
		<Unit filename="fflib/net/msg_handler.h" />
		<Unit filename="fflib/net/msg_sender.h" />
		<Unit filename="fflib/net/net_factory.h" />
		<Unit filename="fflib/net/net_stat.cpp" />
		<Unit filename="fflib/net/net_stat.h" />
		<Unit filename="fflib/net/netbase.h" />
		<Unit filename="fflib/net/socket.h" />
		<Unit filename="fflib/net/socket_ctrl.h" />
		<Unit filename="fflib/net/socket_op.h" />
		<Unit filename="fflib/net/socketimpl/socket_linux.cpp" />
		<Unit filename="fflib/net/socketimpl/socket_linux.h" />
		<Unit filename="fflib/net/socketimpl/socket_win.cpp" />
		<Unit filename="fflib/net/socketimpl/socket_win.h" />
		<Unit filename="fflib/net/udp_socket.h" />
		<Unit filename="fflib/python/ffpython.h" />
		<Unit filename="fflib/rpc/ffbroker.cpp" />
		<Unit filename="fflib/rpc/ffbroker.h" />
		<Unit filename="fflib/rpc/ffrpc.cpp" />
		<Unit filename="fflib/rpc/ffrpc.h" />
		<Unit filename="fflib/rpc/ffrpc_ops.h" />
		<Unit filename="fflib/rpc/msg_def/ffrpc_msg_constants.cpp" />
		<Unit filename="fflib/rpc/msg_def/ffrpc_msg_constants.h" />
		<Unit filename="fflib/rpc/msg_def/ffrpc_msg_types.cpp" />
		<Unit filename="fflib/rpc/msg_def/ffrpc_msg_types.h" />
		<Unit filename="fflib/server/cmd_util.cpp" />
		<Unit filename="fflib/server/cmd_util.h" />
		<Unit filename="fflib/server/db_mgr.cpp" />
		<Unit filename="fflib/server/db_mgr.h" />
		<Unit filename="fflib/server/entity.cpp" />
		<Unit filename="fflib/server/entity.h" />
		<Unit filename="fflib/server/ffgate.cpp" />
		<Unit filename="fflib/server/ffgate.h" />
		<Unit filename="fflib/server/fftask_processor.h" />
		<Unit filename="fflib/server/ffworker.cpp" />
		<Unit filename="fflib/server/ffworker.h" />
		<Unit filename="fflib/server/gen-cpp/msg_constants.cpp" />
		<Unit filename="fflib/server/gen-cpp/msg_constants.h" />
		<Unit filename="fflib/server/gen-cpp/msg_types.cpp" />
		<Unit filename="fflib/server/gen-cpp/msg_types.h" />
		<Unit filename="fflib/server/http_mgr.cpp" />
		<Unit filename="fflib/server/http_mgr.h" />
		<Unit filename="fflib/server/prop.h" />
		<Unit filename="fflib/server/script.h" />
		<Unit filename="fflib/server/script_cache.h" />
		<Unit filename="fflib/server/shared_mem.cpp" />
		<Unit filename="fflib/server/shared_mem.h" />
		<Unit filename="fflib/server/shared_mem_win.cpp" />
		<Unit filename="fflib/xml/ffxml.cpp" />
		<Unit filename="fflib/xml/ffxml.h" />
		<Unit filename="fflib/xml/tinystr.cpp" />
		<Unit filename="fflib/xml/tinystr.h" />
		<Unit filename="fflib/xml/tinyxml.cpp" />
		<Unit filename="fflib/xml/tinyxml.h" />
		<Unit filename="fflib/xml/tinyxmlerror.cpp" />
		<Unit filename="fflib/xml/tinyxmlparser.cpp" />
		<Unit filename="lib3party/php/TSRM/TSRM.h" />
		<Unit filename="lib3party/php/TSRM/readdir.h" />
		<Unit filename="lib3party/php/TSRM/tsrm_config.h" />
		<Unit filename="lib3party/php/TSRM/tsrm_config.w32.h" />
		<Unit filename="lib3party/php/TSRM/tsrm_config_common.h" />
		<Unit filename="lib3party/php/TSRM/tsrm_nw.h" />
		<Unit filename="lib3party/php/TSRM/tsrm_strtok_r.h" />
		<Unit filename="lib3party/php/TSRM/tsrm_win32.h" />
		<Unit filename="lib3party/php/Zend/zend.h" />
		<Unit filename="lib3party/php/Zend/zend_API.h" />
		<Unit filename="lib3party/php/Zend/zend_alloc.h" />
		<Unit filename="lib3party/php/Zend/zend_ast.h" />
		<Unit filename="lib3party/php/Zend/zend_build.h" />
		<Unit filename="lib3party/php/Zend/zend_builtin_functions.h" />
		<Unit filename="lib3party/php/Zend/zend_closures.h" />
		<Unit filename="lib3party/php/Zend/zend_compile.h" />
		<Unit filename="lib3party/php/Zend/zend_config.h" />
		<Unit filename="lib3party/php/Zend/zend_config.nw.h" />
		<Unit filename="lib3party/php/Zend/zend_config.w32.h" />
		<Unit filename="lib3party/php/Zend/zend_constants.h" />
		<Unit filename="lib3party/php/Zend/zend_dtrace.h" />
		<Unit filename="lib3party/php/Zend/zend_dynamic_array.h" />
		<Unit filename="lib3party/php/Zend/zend_errors.h" />
		<Unit filename="lib3party/php/Zend/zend_exceptions.h" />
		<Unit filename="lib3party/php/Zend/zend_execute.h" />
		<Unit filename="lib3party/php/Zend/zend_extensions.h" />
		<Unit filename="lib3party/php/Zend/zend_float.h" />
		<Unit filename="lib3party/php/Zend/zend_gc.h" />
		<Unit filename="lib3party/php/Zend/zend_generators.h" />
		<Unit filename="lib3party/php/Zend/zend_globals.h" />
		<Unit filename="lib3party/php/Zend/zend_globals_macros.h" />
		<Unit filename="lib3party/php/Zend/zend_hash.h" />
		<Unit filename="lib3party/php/Zend/zend_highlight.h" />
		<Unit filename="lib3party/php/Zend/zend_indent.h" />
		<Unit filename="lib3party/php/Zend/zend_ini.h" />
		<Unit filename="lib3party/php/Zend/zend_ini_parser.h" />
		<Unit filename="lib3party/php/Zend/zend_ini_scanner.h" />
		<Unit filename="lib3party/php/Zend/zend_ini_scanner_defs.h" />
		<Unit filename="lib3party/php/Zend/zend_interfaces.h" />
		<Unit filename="lib3party/php/Zend/zend_istdiostream.h" />
		<Unit filename="lib3party/php/Zend/zend_iterators.h" />
		<Unit filename="lib3party/php/Zend/zend_language_parser.h" />
		<Unit filename="lib3party/php/Zend/zend_language_scanner.h" />
		<Unit filename="lib3party/php/Zend/zend_language_scanner_defs.h" />
		<Unit filename="lib3party/php/Zend/zend_list.h" />
		<Unit filename="lib3party/php/Zend/zend_llist.h" />
		<Unit filename="lib3party/php/Zend/zend_modules.h" />
		<Unit filename="lib3party/php/Zend/zend_multibyte.h" />
		<Unit filename="lib3party/php/Zend/zend_multiply.h" />
		<Unit filename="lib3party/php/Zend/zend_object_handlers.h" />
		<Unit filename="lib3party/php/Zend/zend_objects.h" />
		<Unit filename="lib3party/php/Zend/zend_objects_API.h" />
		<Unit filename="lib3party/php/Zend/zend_operators.h" />
		<Unit filename="lib3party/php/Zend/zend_ptr_stack.h" />
		<Unit filename="lib3party/php/Zend/zend_qsort.h" />
		<Unit filename="lib3party/php/Zend/zend_signal.h" />
		<Unit filename="lib3party/php/Zend/zend_stack.h" />
		<Unit filename="lib3party/php/Zend/zend_static_allocator.h" />
		<Unit filename="lib3party/php/Zend/zend_stream.h" />
		<Unit filename="lib3party/php/Zend/zend_string.h" />
		<Unit filename="lib3party/php/Zend/zend_strtod.h" />
		<Unit filename="lib3party/php/Zend/zend_ts_hash.h" />
		<Unit filename="lib3party/php/Zend/zend_types.h" />
		<Unit filename="lib3party/php/Zend/zend_variables.h" />
		<Unit filename="lib3party/php/Zend/zend_virtual_cwd.h" />
		<Unit filename="lib3party/php/Zend/zend_vm.h" />
		<Unit filename="lib3party/php/Zend/zend_vm_def.h" />
		<Unit filename="lib3party/php/Zend/zend_vm_execute.h" />
		<Unit filename="lib3party/php/Zend/zend_vm_opcodes.h" />
		<Unit filename="lib3party/php/embed/php_embed.h" />
		<Unit filename="lib3party/php/ext/date/lib/timelib.h" />
		<Unit filename="lib3party/php/ext/date/lib/timelib_config.h" />
		<Unit filename="lib3party/php/ext/date/lib/timelib_structs.h" />
		<Unit filename="lib3party/php/ext/date/php_date.h" />
		<Unit filename="lib3party/php/ext/dom/xml_common.h" />
		<Unit filename="lib3party/php/ext/ereg/php_ereg.h" />
		<Unit filename="lib3party/php/ext/ereg/php_regex.h" />
		<Unit filename="lib3party/php/ext/ereg/regex/cclass.h" />
		<Unit filename="lib3party/php/ext/ereg/regex/cname.h" />
		<Unit filename="lib3party/php/ext/ereg/regex/regex.h" />
		<Unit filename="lib3party/php/ext/ereg/regex/regex2.h" />
		<Unit filename="lib3party/php/ext/ereg/regex/utils.h" />
		<Unit filename="lib3party/php/ext/filter/php_filter.h" />
		<Unit filename="lib3party/php/ext/hash/php_hash.h" />
		<Unit filename="lib3party/php/ext/hash/php_hash_adler32.h" />
		<Unit filename="lib3party/php/ext/hash/php_hash_crc32.h" />
		<Unit filename="lib3party/php/ext/hash/php_hash_fnv.h" />
		<Unit filename="lib3party/php/ext/hash/php_hash_gost.h" />
		<Unit filename="lib3party/php/ext/hash/php_hash_haval.h" />
		<Unit filename="lib3party/php/ext/hash/php_hash_joaat.h" />
		<Unit filename="lib3party/php/ext/hash/php_hash_md.h" />
		<Unit filename="lib3party/php/ext/hash/php_hash_ripemd.h" />
		<Unit filename="lib3party/php/ext/hash/php_hash_sha.h" />
		<Unit filename="lib3party/php/ext/hash/php_hash_snefru.h" />
		<Unit filename="lib3party/php/ext/hash/php_hash_tiger.h" />
		<Unit filename="lib3party/php/ext/hash/php_hash_whirlpool.h" />
		<Unit filename="lib3party/php/ext/iconv/php_have_bsd_iconv.h" />
		<Unit filename="lib3party/php/ext/iconv/php_have_glibc_iconv.h" />
		<Unit filename="lib3party/php/ext/iconv/php_have_ibm_iconv.h" />
		<Unit filename="lib3party/php/ext/iconv/php_have_iconv.h" />
		<Unit filename="lib3party/php/ext/iconv/php_have_libiconv.h" />
		<Unit filename="lib3party/php/ext/iconv/php_iconv.h" />
		<Unit filename="lib3party/php/ext/iconv/php_iconv_aliased_libiconv.h" />
		<Unit filename="lib3party/php/ext/iconv/php_iconv_broken_ignore.h" />
		<Unit filename="lib3party/php/ext/iconv/php_iconv_supports_errno.h" />
		<Unit filename="lib3party/php/ext/iconv/php_php_iconv_h_path.h" />
		<Unit filename="lib3party/php/ext/iconv/php_php_iconv_impl.h" />
		<Unit filename="lib3party/php/ext/json/php_json.h" />
		<Unit filename="lib3party/php/ext/libxml/php_libxml.h" />
		<Unit filename="lib3party/php/ext/pcre/pcrelib/config.h" />
		<Unit filename="lib3party/php/ext/pcre/pcrelib/pcre.h" />
		<Unit filename="lib3party/php/ext/pcre/pcrelib/pcre_internal.h" />
		<Unit filename="lib3party/php/ext/pcre/pcrelib/pcreposix.h" />
		<Unit filename="lib3party/php/ext/pcre/pcrelib/ucp.h" />
		<Unit filename="lib3party/php/ext/pcre/php_pcre.h" />
		<Unit filename="lib3party/php/ext/pdo/php_pdo.h" />
		<Unit filename="lib3party/php/ext/pdo/php_pdo_driver.h" />
		<Unit filename="lib3party/php/ext/pdo/php_pdo_error.h" />
		<Unit filename="lib3party/php/ext/phar/php_phar.h" />
		<Unit filename="lib3party/php/ext/session/mod_files.h" />
		<Unit filename="lib3party/php/ext/session/mod_user.h" />
		<Unit filename="lib3party/php/ext/session/php_session.h" />
		<Unit filename="lib3party/php/ext/simplexml/php_simplexml.h" />
		<Unit filename="lib3party/php/ext/simplexml/php_simplexml_exports.h" />
		<Unit filename="lib3party/php/ext/spl/php_spl.h" />
		<Unit filename="lib3party/php/ext/spl/spl_array.h" />
		<Unit filename="lib3party/php/ext/spl/spl_directory.h" />
		<Unit filename="lib3party/php/ext/spl/spl_dllist.h" />
		<Unit filename="lib3party/php/ext/spl/spl_engine.h" />
		<Unit filename="lib3party/php/ext/spl/spl_exceptions.h" />
		<Unit filename="lib3party/php/ext/spl/spl_fixedarray.h" />
		<Unit filename="lib3party/php/ext/spl/spl_functions.h" />
		<Unit filename="lib3party/php/ext/spl/spl_heap.h" />
		<Unit filename="lib3party/php/ext/spl/spl_iterators.h" />
		<Unit filename="lib3party/php/ext/spl/spl_observer.h" />
		<Unit filename="lib3party/php/ext/sqlite3/libsqlite/sqlite3.h" />
		<Unit filename="lib3party/php/ext/standard/base64.h" />
		<Unit filename="lib3party/php/ext/standard/basic_functions.h" />
		<Unit filename="lib3party/php/ext/standard/crc32.h" />
		<Unit filename="lib3party/php/ext/standard/credits.h" />
		<Unit filename="lib3party/php/ext/standard/credits_ext.h" />
		<Unit filename="lib3party/php/ext/standard/credits_sapi.h" />
		<Unit filename="lib3party/php/ext/standard/crypt_blowfish.h" />
		<Unit filename="lib3party/php/ext/standard/crypt_freesec.h" />
		<Unit filename="lib3party/php/ext/standard/css.h" />
		<Unit filename="lib3party/php/ext/standard/cyr_convert.h" />
		<Unit filename="lib3party/php/ext/standard/datetime.h" />
		<Unit filename="lib3party/php/ext/standard/dl.h" />
		<Unit filename="lib3party/php/ext/standard/exec.h" />
		<Unit filename="lib3party/php/ext/standard/file.h" />
		<Unit filename="lib3party/php/ext/standard/flock_compat.h" />
		<Unit filename="lib3party/php/ext/standard/fsock.h" />
		<Unit filename="lib3party/php/ext/standard/head.h" />
		<Unit filename="lib3party/php/ext/standard/html.h" />
		<Unit filename="lib3party/php/ext/standard/html_tables.h" />
		<Unit filename="lib3party/php/ext/standard/info.h" />
		<Unit filename="lib3party/php/ext/standard/md5.h" />
		<Unit filename="lib3party/php/ext/standard/microtime.h" />
		<Unit filename="lib3party/php/ext/standard/pack.h" />
		<Unit filename="lib3party/php/ext/standard/pageinfo.h" />
		<Unit filename="lib3party/php/ext/standard/php_array.h" />
		<Unit filename="lib3party/php/ext/standard/php_assert.h" />
		<Unit filename="lib3party/php/ext/standard/php_browscap.h" />
		<Unit filename="lib3party/php/ext/standard/php_crypt.h" />
		<Unit filename="lib3party/php/ext/standard/php_crypt_r.h" />
		<Unit filename="lib3party/php/ext/standard/php_dir.h" />
		<Unit filename="lib3party/php/ext/standard/php_dns.h" />
		<Unit filename="lib3party/php/ext/standard/php_ext_syslog.h" />
		<Unit filename="lib3party/php/ext/standard/php_filestat.h" />
		<Unit filename="lib3party/php/ext/standard/php_fopen_wrappers.h" />
		<Unit filename="lib3party/php/ext/standard/php_ftok.h" />
		<Unit filename="lib3party/php/ext/standard/php_http.h" />
		<Unit filename="lib3party/php/ext/standard/php_image.h" />
		<Unit filename="lib3party/php/ext/standard/php_incomplete_class.h" />
		<Unit filename="lib3party/php/ext/standard/php_iptc.h" />
		<Unit filename="lib3party/php/ext/standard/php_lcg.h" />
		<Unit filename="lib3party/php/ext/standard/php_link.h" />
		<Unit filename="lib3party/php/ext/standard/php_mail.h" />
		<Unit filename="lib3party/php/ext/standard/php_math.h" />
		<Unit filename="lib3party/php/ext/standard/php_metaphone.h" />
		<Unit filename="lib3party/php/ext/standard/php_password.h" />
		<Unit filename="lib3party/php/ext/standard/php_rand.h" />
		<Unit filename="lib3party/php/ext/standard/php_smart_str.h" />
		<Unit filename="lib3party/php/ext/standard/php_smart_str_public.h" />
		<Unit filename="lib3party/php/ext/standard/php_standard.h" />
		<Unit filename="lib3party/php/ext/standard/php_string.h" />
		<Unit filename="lib3party/php/ext/standard/php_type.h" />
		<Unit filename="lib3party/php/ext/standard/php_uuencode.h" />
		<Unit filename="lib3party/php/ext/standard/php_var.h" />
		<Unit filename="lib3party/php/ext/standard/php_versioning.h" />
		<Unit filename="lib3party/php/ext/standard/proc_open.h" />
		<Unit filename="lib3party/php/ext/standard/quot_print.h" />
		<Unit filename="lib3party/php/ext/standard/scanf.h" />
		<Unit filename="lib3party/php/ext/standard/sha1.h" />
		<Unit filename="lib3party/php/ext/standard/streamsfuncs.h" />
		<Unit filename="lib3party/php/ext/standard/uniqid.h" />
		<Unit filename="lib3party/php/ext/standard/url.h" />
		<Unit filename="lib3party/php/ext/standard/url_scanner_ex.h" />
		<Unit filename="lib3party/php/ext/standard/winver.h" />
		<Unit filename="lib3party/php/ext/xml/expat_compat.h" />
		<Unit filename="lib3party/php/ext/xml/php_xml.h" />
		<Unit filename="lib3party/php/main/SAPI.h" />
		<Unit filename="lib3party/php/main/build-defs.h" />
		<Unit filename="lib3party/php/main/fopen_wrappers.h" />
		<Unit filename="lib3party/php/main/php.h" />
		<Unit filename="lib3party/php/main/php_compat.h" />
		<Unit filename="lib3party/php/main/php_config.h" />
		<Unit filename="lib3party/php/main/php_content_types.h" />
		<Unit filename="lib3party/php/main/php_getopt.h" />
		<Unit filename="lib3party/php/main/php_globals.h" />
		<Unit filename="lib3party/php/main/php_ini.h" />
		<Unit filename="lib3party/php/main/php_main.h" />
		<Unit filename="lib3party/php/main/php_memory_streams.h" />
		<Unit filename="lib3party/php/main/php_network.h" />
		<Unit filename="lib3party/php/main/php_open_temporary_file.h" />
		<Unit filename="lib3party/php/main/php_output.h" />
		<Unit filename="lib3party/php/main/php_reentrancy.h" />
		<Unit filename="lib3party/php/main/php_scandir.h" />
		<Unit filename="lib3party/php/main/php_stdint.h" />
		<Unit filename="lib3party/php/main/php_streams.h" />
		<Unit filename="lib3party/php/main/php_syslog.h" />
		<Unit filename="lib3party/php/main/php_ticks.h" />
		<Unit filename="lib3party/php/main/php_variables.h" />
		<Unit filename="lib3party/php/main/php_version.h" />
		<Unit filename="lib3party/php/main/rfc1867.h" />
		<Unit filename="lib3party/php/main/snprintf.h" />
		<Unit filename="lib3party/php/main/spprintf.h" />
		<Unit filename="lib3party/php/main/streams/php_stream_context.h" />
		<Unit filename="lib3party/php/main/streams/php_stream_filter_api.h" />
		<Unit filename="lib3party/php/main/streams/php_stream_glob_wrapper.h" />
		<Unit filename="lib3party/php/main/streams/php_stream_mmap.h" />
		<Unit filename="lib3party/php/main/streams/php_stream_plain_wrapper.h" />
		<Unit filename="lib3party/php/main/streams/php_stream_transport.h" />
		<Unit filename="lib3party/php/main/streams/php_stream_userspace.h" />
		<Unit filename="lib3party/php/main/streams/php_streams_int.h" />
		<Unit filename="lib3party/php/main/win32_internal_function_disabled.h" />
		<Unit filename="lib3party/php/main/win95nt.h" />
		<Unit filename="lib3party/php/sapi/cli/cli.h" />
		<Unit filename="lib3party/rapidjson/document.h" />
		<Unit filename="lib3party/rapidjson/filestream.h" />
		<Unit filename="lib3party/rapidjson/internal/pow10.h" />
		<Unit filename="lib3party/rapidjson/internal/stack.h" />
		<Unit filename="lib3party/rapidjson/internal/strfunc.h" />
		<Unit filename="lib3party/rapidjson/prettywriter.h" />
		<Unit filename="lib3party/rapidjson/rapidjson.h" />
		<Unit filename="lib3party/rapidjson/reader.h" />
		<Unit filename="lib3party/rapidjson/stringbuffer.h" />
		<Unit filename="lib3party/rapidjson/writer.h" />
		<Unit filename="lib3party/thrift/FFThrift.h" />
		<Unit filename="lib3party/thrift/TApplicationException.h" />
		<Unit filename="lib3party/thrift/Thrift.h" />
		<Unit filename="lib3party/thrift/ThriftConfig.h" />
		<Unit filename="lib3party/thrift/cxxfunctional.h" />
		<Unit filename="lib3party/thrift/protocol/TBinaryProtocol.h" />
		<Unit filename="lib3party/thrift/protocol/TProtocol.h" />
		<Unit filename="lib3party/thrift/protocol/TProtocolException.h" />
		<Unit filename="lib3party/thrift/protocol/TVirtualProtocol.h" />
		<Unit filename="lib3party/thrift/transport/FFTransport.h" />
		<Unit filename="lib3party/thrift/transport/TTransport.h" />
		<Unit filename="lib3party/thrift/transport/TTransportException.h" />
		<Unit filename="lib3party/thrift/transport/TVirtualTransport.h" />
		<Unit filename="src/chat/chat.cpp" />
		<Unit filename="src/chat/chat.h" />
		<Unit filename="src/common/common_def.h" />
		<Unit filename="src/common/game_event.h" />
		<Unit filename="src/item/item.cpp" />
		<Unit filename="src/item/item.h" />
		<Unit filename="src/map/map.cpp" />
		<Unit filename="src/map/map.h" />
		<Unit filename="src/npc/npc.cpp" />
		<Unit filename="src/npc/npc.h" />
		<Unit filename="src/player/player.cpp" />
		<Unit filename="src/player/player.h" />
		<Unit filename="src/setup.cpp" />
		<Unit filename="src/skill/skill.cpp" />
		<Unit filename="src/skill/skill.h" />
		<Unit filename="src/task/task.cpp" />
		<Unit filename="src/task/task.h" />
		<Unit filename="workerpy/ffworker_python.cpp" />
		<Unit filename="workerpy/ffworker_python.h" />
		<Unit filename="workerpy/main.cpp" />
		<Extensions>
			<code_completion />
			<envvars />
			<debugger />
		</Extensions>
	</Project>
</CodeBlocks_project_file>
